{
  "originHash" : "ec161e2a5455728c5fc06ece497383a03794aac83c513b872add3cbb80028c11",
  "pins" : [
    {
      "identity" : "keyboardkit",
      "kind" : "remoteSourceControl",
      "location" : "https://github.com/KeyboardKit/KeyboardKit.git",
      "state" : {
        "revision" : "07447c37c96e81e14f7c8e5e03afb67d24aaae56",
        "version" : "10.1.2"
      }
    },
    {
      "identity" : "mcemojipicker",
      "kind" : "remoteSourceControl",
      "location" : "https://github.com/izyumkin/MCEmojiPicker",
      "state" : {
        "revision" : "e5b3ed359b04370287366a7c15ffa7013cdd4eec",
        "version" : "1.2.5"
      }
    }
  ],
  "version" : 3
}
