{
  "originHash" : "ec161e2a5455728c5fc06ece497383a03794aac83c513b872add3cbb80028c11",
  "pins" : [
    {
      "identity" : "keyboardkit",
      "kind" : "remoteSourceControl",
      "location" : "https://github.com/KeyboardKit/KeyboardKit.git",
      "state" : {
        "revision" : "16c76394aae1895170dde4ba5546dc556e5a176c",
        "version" : "10.4.1"
      }
    },
    {
      "identity" : "licensekit",
      "kind" : "remoteSourceControl",
      "location" : "https://github.com/LicenseKit/LicenseKit.git",
      "state" : {
        "revision" : "f9bdcdc3472918c6da7566940a12936374f0faee",
        "version" : "2.1.3"
      }
    },
    {
      "identity" : "mcemojipicker",
      "kind" : "remoteSourceControl",
      "location" : "https://github.com/izyumkin/MCEmojiPicker",
      "state" : {
        "revision" : "e5b3ed359b04370287366a7c15ffa7013cdd4eec",
        "version" : "1.2.5"
      }
    }
  ],
  "version" : 3
}
